
Microsoft Visual Studio Solution File, Format Version 12.00
# Visual Studio Version 17
VisualStudioVersion = 17.11.35327.3
MinimumVisualStudioVersion = 10.0.40219.1
Project("{FAE04EC0-301F-11D3-BF4B-00C04F79EFBC}") = "ConsoleApp17-1-b", "ConsoleApp17-1-b.csproj", "{54CA2FAE-A84B-4C20-84FD-A08641056011}"
EndProject
Global
	GlobalSection(SolutionConfigurationPlatforms) = preSolution
		Debug|Any CPU = Debug|Any CPU
		Release|Any CPU = Release|Any CPU
	EndGlobalSection
	GlobalSection(ProjectConfigurationPlatforms) = postSolution
		{54CA2FAE-A84B-4C20-84FD-A08641056011}.Debug|Any CPU.ActiveCfg = Debug|Any CPU
		{54CA2FAE-A84B-4C20-84FD-A08641056011}.Debug|Any CPU.Build.0 = Debug|Any CPU
		{54CA2FAE-A84B-4C20-84FD-A08641056011}.Release|Any CPU.ActiveCfg = Release|Any CPU
		{54CA2FAE-A84B-4C20-84FD-A08641056011}.Release|Any CPU.Build.0 = Release|Any CPU
	EndGlobalSection
	GlobalSection(SolutionProperties) = preSolution
		HideSolutionNode = FALSE
	EndGlobalSection
	GlobalSection(ExtensibilityGlobals) = postSolution
		SolutionGuid = {80D661A3-A6A5-48DF-A2B5-1D9AF38F7071}
	EndGlobalSection
EndGlobal
